
Microsoft Visual Studio Solution File, Format Version 12.00
# Visual Studio Version 17
VisualStudioVersion = 17.3.32922.545
MinimumVisualStudioVersion = 10.0.40219.1
Project("{9A19103F-16F7-4668-BE54-9A1E7A4F7556}") = "APIProjectGroup1", "APIProjectGroup1\APIProjectGroup1.csproj", "{A3AED4DD-0A6E-421B-8E0B-E72107EC2376}"
EndProject
<<<<<<< HEAD
Project("{9A19103F-16F7-4668-BE54-9A1E7A4F7556}") = "Tests", "Tests\Tests.csproj", "{84B87A38-1BB2-4AC8-AEE1-2EE324D548CC}"
=======
Project("{9A19103F-16F7-4668-BE54-9A1E7A4F7556}") = "Tests", "Tests\Tests.csproj", "{15B31D77-F37B-40DE-A791-A3A73E768881}"
>>>>>>> main
EndProject
Global
	GlobalSection(SolutionConfigurationPlatforms) = preSolution
		Debug|Any CPU = Debug|Any CPU
		Release|Any CPU = Release|Any CPU
	EndGlobalSection
	GlobalSection(ProjectConfigurationPlatforms) = postSolution
		{A3AED4DD-0A6E-421B-8E0B-E72107EC2376}.Debug|Any CPU.ActiveCfg = Debug|Any CPU
		{A3AED4DD-0A6E-421B-8E0B-E72107EC2376}.Debug|Any CPU.Build.0 = Debug|Any CPU
		{A3AED4DD-0A6E-421B-8E0B-E72107EC2376}.Release|Any CPU.ActiveCfg = Release|Any CPU
		{A3AED4DD-0A6E-421B-8E0B-E72107EC2376}.Release|Any CPU.Build.0 = Release|Any CPU
<<<<<<< HEAD
		{84B87A38-1BB2-4AC8-AEE1-2EE324D548CC}.Debug|Any CPU.ActiveCfg = Debug|Any CPU
		{84B87A38-1BB2-4AC8-AEE1-2EE324D548CC}.Debug|Any CPU.Build.0 = Debug|Any CPU
		{84B87A38-1BB2-4AC8-AEE1-2EE324D548CC}.Release|Any CPU.ActiveCfg = Release|Any CPU
		{84B87A38-1BB2-4AC8-AEE1-2EE324D548CC}.Release|Any CPU.Build.0 = Release|Any CPU
=======
		{15B31D77-F37B-40DE-A791-A3A73E768881}.Debug|Any CPU.ActiveCfg = Debug|Any CPU
		{15B31D77-F37B-40DE-A791-A3A73E768881}.Debug|Any CPU.Build.0 = Debug|Any CPU
		{15B31D77-F37B-40DE-A791-A3A73E768881}.Release|Any CPU.ActiveCfg = Release|Any CPU
		{15B31D77-F37B-40DE-A791-A3A73E768881}.Release|Any CPU.Build.0 = Release|Any CPU
>>>>>>> main
	EndGlobalSection
	GlobalSection(SolutionProperties) = preSolution
		HideSolutionNode = FALSE
	EndGlobalSection
	GlobalSection(ExtensibilityGlobals) = postSolution
		SolutionGuid = {79996AFD-B763-45A2-A93E-710E06BF16D6}
	EndGlobalSection
EndGlobal
